// !$*UTF8*$!
{
	archiveVersion = 1;
	classes = {
	};
	objectVersion = 55;
	objects = {

/* Begin PBXBuildFile section */
		2241B955B43FA7E73B8D3158 /* Pods_MyTikTok.framework in Frameworks */ = {isa = PBXBuildFile; fileRef = 0F461D3C5F236E08C2FE7BA2 /* Pods_MyTikTok.framework */; };
		524430F028A6AD1F00ED1D5A /* GoogleService-Info.plist in Resources */ = {isa = PBXBuildFile; fileRef = 524430EF28A6AD1F00ED1D5A /* GoogleService-Info.plist */; };
		527839B828A5688900002C82 /* ExploreViewController.swift in Sources */ = {isa = PBXBuildFile; fileRef = 527839B728A5688900002C82 /* ExploreViewController.swift */; };
		527839BA28A568AB00002C82 /* CameraViewController.swift in Sources */ = {isa = PBXBuildFile; fileRef = 527839B928A568AB00002C82 /* CameraViewController.swift */; };
		527839BC28A568DA00002C82 /* NotificationsViewController.swift in Sources */ = {isa = PBXBuildFile; fileRef = 527839BB28A568DA00002C82 /* NotificationsViewController.swift */; };
		527839BE28A568FD00002C82 /* ProfileViewController.swift in Sources */ = {isa = PBXBuildFile; fileRef = 527839BD28A568FD00002C82 /* ProfileViewController.swift */; };
		527839C028A5692900002C82 /* UserListViewController.swift in Sources */ = {isa = PBXBuildFile; fileRef = 527839BF28A5692900002C82 /* UserListViewController.swift */; };
		527839C228A5694B00002C82 /* SignInViewController.swift in Sources */ = {isa = PBXBuildFile; fileRef = 527839C128A5694B00002C82 /* SignInViewController.swift */; };
		527839C428A5696600002C82 /* SignUpViewController.swift in Sources */ = {isa = PBXBuildFile; fileRef = 527839C328A5696600002C82 /* SignUpViewController.swift */; };
		527839C628A5698A00002C82 /* SettingsViewController.swift in Sources */ = {isa = PBXBuildFile; fileRef = 527839C528A5698A00002C82 /* SettingsViewController.swift */; };
		527839C828A569C800002C82 /* TabBarViewController.swift in Sources */ = {isa = PBXBuildFile; fileRef = 527839C728A569C800002C82 /* TabBarViewController.swift */; };
		527839CC28A56A7A00002C82 /* PostViewController.swift in Sources */ = {isa = PBXBuildFile; fileRef = 527839CB28A56A7A00002C82 /* PostViewController.swift */; };
		527839D028A56AD400002C82 /* StorageManager.swift in Sources */ = {isa = PBXBuildFile; fileRef = 527839CF28A56AD400002C82 /* StorageManager.swift */; };
		527839D228A56B3200002C82 /* DatabaseManager.swift in Sources */ = {isa = PBXBuildFile; fileRef = 527839D128A56B3200002C82 /* DatabaseManager.swift */; };
		527839D428A56B4C00002C82 /* AuthenticationManager.swift in Sources */ = {isa = PBXBuildFile; fileRef = 527839D328A56B4C00002C82 /* AuthenticationManager.swift */; };
		527839D628A56BDF00002C82 /* HapticsManager.swift in Sources */ = {isa = PBXBuildFile; fileRef = 527839D528A56BDF00002C82 /* HapticsManager.swift */; };
		5296253728B13566009DA46A /* PostModel.swift in Sources */ = {isa = PBXBuildFile; fileRef = 5296253628B13566009DA46A /* PostModel.swift */; };
		52AF813D28A5534900A47290 /* AppDelegate.swift in Sources */ = {isa = PBXBuildFile; fileRef = 52AF813C28A5534900A47290 /* AppDelegate.swift */; };
		52AF813F28A5534900A47290 /* SceneDelegate.swift in Sources */ = {isa = PBXBuildFile; fileRef = 52AF813E28A5534900A47290 /* SceneDelegate.swift */; };
		52AF814128A5534900A47290 /* HomeViewController.swift in Sources */ = {isa = PBXBuildFile; fileRef = 52AF814028A5534900A47290 /* HomeViewController.swift */; };
		52AF814628A5534B00A47290 /* Assets.xcassets in Resources */ = {isa = PBXBuildFile; fileRef = 52AF814528A5534B00A47290 /* Assets.xcassets */; };
		52AF814928A5534B00A47290 /* LaunchScreen.storyboard in Resources */ = {isa = PBXBuildFile; fileRef = 52AF814728A5534B00A47290 /* LaunchScreen.storyboard */; };
		52BE534328AA9D0000C85CDA /* Extensions.swift in Sources */ = {isa = PBXBuildFile; fileRef = 52BE534228AA9D0000C85CDA /* Extensions.swift */; };
/* End PBXBuildFile section */

/* Begin PBXFileReference section */
		0F461D3C5F236E08C2FE7BA2 /* Pods_MyTikTok.framework */ = {isa = PBXFileReference; explicitFileType = wrapper.framework; includeInIndex = 0; path = Pods_MyTikTok.framework; sourceTree = BUILT_PRODUCTS_DIR; };
		524430EF28A6AD1F00ED1D5A /* GoogleService-Info.plist */ = {isa = PBXFileReference; fileEncoding = 4; lastKnownFileType = text.plist.xml; path = "GoogleService-Info.plist"; sourceTree = "<group>"; };
		527839B728A5688900002C82 /* ExploreViewController.swift */ = {isa = PBXFileReference; lastKnownFileType = sourcecode.swift; path = ExploreViewController.swift; sourceTree = "<group>"; };
		527839B928A568AB00002C82 /* CameraViewController.swift */ = {isa = PBXFileReference; lastKnownFileType = sourcecode.swift; path = CameraViewController.swift; sourceTree = "<group>"; };
		527839BB28A568DA00002C82 /* NotificationsViewController.swift */ = {isa = PBXFileReference; lastKnownFileType = sourcecode.swift; path = NotificationsViewController.swift; sourceTree = "<group>"; };
		527839BD28A568FD00002C82 /* ProfileViewController.swift */ = {isa = PBXFileReference; lastKnownFileType = sourcecode.swift; path = ProfileViewController.swift; sourceTree = "<group>"; };
		527839BF28A5692900002C82 /* UserListViewController.swift */ = {isa = PBXFileReference; lastKnownFileType = sourcecode.swift; path = UserListViewController.swift; sourceTree = "<group>"; };
		527839C128A5694B00002C82 /* SignInViewController.swift */ = {isa = PBXFileReference; lastKnownFileType = sourcecode.swift; path = SignInViewController.swift; sourceTree = "<group>"; };
		527839C328A5696600002C82 /* SignUpViewController.swift */ = {isa = PBXFileReference; lastKnownFileType = sourcecode.swift; path = SignUpViewController.swift; sourceTree = "<group>"; };
		527839C528A5698A00002C82 /* SettingsViewController.swift */ = {isa = PBXFileReference; lastKnownFileType = sourcecode.swift; path = SettingsViewController.swift; sourceTree = "<group>"; };
		527839C728A569C800002C82 /* TabBarViewController.swift */ = {isa = PBXFileReference; lastKnownFileType = sourcecode.swift; path = TabBarViewController.swift; sourceTree = "<group>"; };
		527839CB28A56A7A00002C82 /* PostViewController.swift */ = {isa = PBXFileReference; lastKnownFileType = sourcecode.swift; path = PostViewController.swift; sourceTree = "<group>"; };
		527839CF28A56AD400002C82 /* StorageManager.swift */ = {isa = PBXFileReference; lastKnownFileType = sourcecode.swift; path = StorageManager.swift; sourceTree = "<group>"; };
		527839D128A56B3200002C82 /* DatabaseManager.swift */ = {isa = PBXFileReference; lastKnownFileType = sourcecode.swift; path = DatabaseManager.swift; sourceTree = "<group>"; };
		527839D328A56B4C00002C82 /* AuthenticationManager.swift */ = {isa = PBXFileReference; lastKnownFileType = sourcecode.swift; path = AuthenticationManager.swift; sourceTree = "<group>"; };
		527839D528A56BDF00002C82 /* HapticsManager.swift */ = {isa = PBXFileReference; lastKnownFileType = sourcecode.swift; path = HapticsManager.swift; sourceTree = "<group>"; };
		5296253628B13566009DA46A /* PostModel.swift */ = {isa = PBXFileReference; lastKnownFileType = sourcecode.swift; path = PostModel.swift; sourceTree = "<group>"; };
		52AF813928A5534900A47290 /* MyTikTok.app */ = {isa = PBXFileReference; explicitFileType = wrapper.application; includeInIndex = 0; path = MyTikTok.app; sourceTree = BUILT_PRODUCTS_DIR; };
		52AF813C28A5534900A47290 /* AppDelegate.swift */ = {isa = PBXFileReference; lastKnownFileType = sourcecode.swift; path = AppDelegate.swift; sourceTree = "<group>"; };
		52AF813E28A5534900A47290 /* SceneDelegate.swift */ = {isa = PBXFileReference; lastKnownFileType = sourcecode.swift; path = SceneDelegate.swift; sourceTree = "<group>"; };
		52AF814028A5534900A47290 /* HomeViewController.swift */ = {isa = PBXFileReference; lastKnownFileType = sourcecode.swift; path = HomeViewController.swift; sourceTree = "<group>"; };
		52AF814528A5534B00A47290 /* Assets.xcassets */ = {isa = PBXFileReference; lastKnownFileType = folder.assetcatalog; path = Assets.xcassets; sourceTree = "<group>"; };
		52AF814828A5534B00A47290 /* Base */ = {isa = PBXFileReference; lastKnownFileType = file.storyboard; name = Base; path = Base.lproj/LaunchScreen.storyboard; sourceTree = "<group>"; };
		52AF814A28A5534B00A47290 /* Info.plist */ = {isa = PBXFileReference; lastKnownFileType = text.plist.xml; path = Info.plist; sourceTree = "<group>"; };
		52BE534228AA9D0000C85CDA /* Extensions.swift */ = {isa = PBXFileReference; lastKnownFileType = sourcecode.swift; path = Extensions.swift; sourceTree = "<group>"; };
		CC3052DB4026AB0C49194DC0 /* Pods-MyTikTok.debug.xcconfig */ = {isa = PBXFileReference; includeInIndex = 1; lastKnownFileType = text.xcconfig; name = "Pods-MyTikTok.debug.xcconfig"; path = "Target Support Files/Pods-MyTikTok/Pods-MyTikTok.debug.xcconfig"; sourceTree = "<group>"; };
		FF8F16D3932885207C5F5CB2 /* Pods-MyTikTok.release.xcconfig */ = {isa = PBXFileReference; includeInIndex = 1; lastKnownFileType = text.xcconfig; name = "Pods-MyTikTok.release.xcconfig"; path = "Target Support Files/Pods-MyTikTok/Pods-MyTikTok.release.xcconfig"; sourceTree = "<group>"; };
/* End PBXFileReference section */

/* Begin PBXFrameworksBuildPhase section */
		52AF813628A5534900A47290 /* Frameworks */ = {
			isa = PBXFrameworksBuildPhase;
			buildActionMask = 2147483647;
			files = (
				2241B955B43FA7E73B8D3158 /* Pods_MyTikTok.framework in Frameworks */,
			);
			runOnlyForDeploymentPostprocessing = 0;
		};
/* End PBXFrameworksBuildPhase section */

/* Begin PBXGroup section */
		146A6AA7A6026E08F65EA555 /* Frameworks */ = {
			isa = PBXGroup;
			children = (
				0F461D3C5F236E08C2FE7BA2 /* Pods_MyTikTok.framework */,
			);
			name = Frameworks;
			sourceTree = "<group>";
		};
		2E53DABDE32D2482846314C4 /* Pods */ = {
			isa = PBXGroup;
			children = (
				CC3052DB4026AB0C49194DC0 /* Pods-MyTikTok.debug.xcconfig */,
				FF8F16D3932885207C5F5CB2 /* Pods-MyTikTok.release.xcconfig */,
			);
			path = Pods;
			sourceTree = "<group>";
		};
		527839B528A5680300002C82 /* Core */ = {
			isa = PBXGroup;
			children = (
				52AF814028A5534900A47290 /* HomeViewController.swift */,
				527839B728A5688900002C82 /* ExploreViewController.swift */,
				527839B928A568AB00002C82 /* CameraViewController.swift */,
				527839BB28A568DA00002C82 /* NotificationsViewController.swift */,
				527839BD28A568FD00002C82 /* ProfileViewController.swift */,
				527839C728A569C800002C82 /* TabBarViewController.swift */,
			);
			path = Core;
			sourceTree = "<group>";
		};
		527839B628A5684800002C82 /* Other */ = {
			isa = PBXGroup;
			children = (
				527839BF28A5692900002C82 /* UserListViewController.swift */,
				527839C128A5694B00002C82 /* SignInViewController.swift */,
				527839C328A5696600002C82 /* SignUpViewController.swift */,
				527839C528A5698A00002C82 /* SettingsViewController.swift */,
				527839CB28A56A7A00002C82 /* PostViewController.swift */,
			);
			path = Other;
			sourceTree = "<group>";
		};
		527839C928A569F600002C82 /* Storyboards */ = {
			isa = PBXGroup;
			children = (
				52AF814728A5534B00A47290 /* LaunchScreen.storyboard */,
			);
			path = Storyboards;
			sourceTree = "<group>";
		};
		527839CA28A56A2000002C82 /* Other */ = {
			isa = PBXGroup;
			children = (
			);
			path = Other;
			sourceTree = "<group>";
		};
		527E4D6A28A560A600D514F3 /* Resources */ = {
			isa = PBXGroup;
			children = (
				52AF813C28A5534900A47290 /* AppDelegate.swift */,
				52AF813E28A5534900A47290 /* SceneDelegate.swift */,
				52AF814528A5534B00A47290 /* Assets.xcassets */,
				524430EF28A6AD1F00ED1D5A /* GoogleService-Info.plist */,
				52BE534228AA9D0000C85CDA /* Extensions.swift */,
			);
			path = Resources;
			sourceTree = "<group>";
		};
		527E4D6B28A560D700D514F3 /* Controllers */ = {
			isa = PBXGroup;
			children = (
				527839B628A5684800002C82 /* Other */,
				527839B528A5680300002C82 /* Core */,
			);
			path = Controllers;
			sourceTree = "<group>";
		};
		527E4D6C28A560ED00D514F3 /* Views */ = {
			isa = PBXGroup;
			children = (
				527839CA28A56A2000002C82 /* Other */,
				527839C928A569F600002C82 /* Storyboards */,
			);
			path = Views;
			sourceTree = "<group>";
		};
		527E4D6D28A562C000D514F3 /* Models */ = {
			isa = PBXGroup;
			children = (
				5296253628B13566009DA46A /* PostModel.swift */,
			);
			path = Models;
			sourceTree = "<group>";
		};
		527E4D6E28A562D300D514F3 /* ViewModels */ = {
			isa = PBXGroup;
			children = (
			);
			path = ViewModels;
			sourceTree = "<group>";
		};
		527E4D6F28A562F600D514F3 /* Managers */ = {
			isa = PBXGroup;
			children = (
				527839D328A56B4C00002C82 /* AuthenticationManager.swift */,
				527839D128A56B3200002C82 /* DatabaseManager.swift */,
				527839D528A56BDF00002C82 /* HapticsManager.swift */,
				527839CF28A56AD400002C82 /* StorageManager.swift */,
			);
			path = Managers;
			sourceTree = "<group>";
		};
		52AF813028A5534900A47290 = {
			isa = PBXGroup;
			children = (
				52AF813B28A5534900A47290 /* MyTikTok */,
				52AF813A28A5534900A47290 /* Products */,
				2E53DABDE32D2482846314C4 /* Pods */,
				146A6AA7A6026E08F65EA555 /* Frameworks */,
			);
			sourceTree = "<group>";
		};
		52AF813A28A5534900A47290 /* Products */ = {
			isa = PBXGroup;
			children = (
				52AF813928A5534900A47290 /* MyTikTok.app */,
			);
			name = Products;
			sourceTree = "<group>";
		};
		52AF813B28A5534900A47290 /* MyTikTok */ = {
			isa = PBXGroup;
			children = (
				527E4D6B28A560D700D514F3 /* Controllers */,
				52AF814A28A5534B00A47290 /* Info.plist */,
				527E4D6F28A562F600D514F3 /* Managers */,
				527E4D6D28A562C000D514F3 /* Models */,
				527E4D6A28A560A600D514F3 /* Resources */,
				527E4D6E28A562D300D514F3 /* ViewModels */,
				527E4D6C28A560ED00D514F3 /* Views */,
			);
			path = MyTikTok;
			sourceTree = "<group>";
		};
/* End PBXGroup section */

/* Begin PBXNativeTarget section */
		52AF813828A5534900A47290 /* MyTikTok */ = {
			isa = PBXNativeTarget;
			buildConfigurationList = 52AF814D28A5534B00A47290 /* Build configuration list for PBXNativeTarget "MyTikTok" */;
			buildPhases = (
				F6243E5DE6ED9CD1D3C84C2D /* [CP] Check Pods Manifest.lock */,
				52AF813528A5534900A47290 /* Sources */,
				52AF813628A5534900A47290 /* Frameworks */,
				52AF813728A5534900A47290 /* Resources */,
				4B4C2356B14D39F095B9DDD8 /* [CP] Embed Pods Frameworks */,
				524430F428A6C8DB00ED1D5A /* ShellScript */,
			);
			buildRules = (
			);
			dependencies = (
			);
			name = MyTikTok;
			productName = MyTikTok;
			productReference = 52AF813928A5534900A47290 /* MyTikTok.app */;
			productType = "com.apple.product-type.application";
		};
/* End PBXNativeTarget section */

/* Begin PBXProject section */
		52AF813128A5534900A47290 /* Project object */ = {
			isa = PBXProject;
			attributes = {
				BuildIndependentTargetsInParallel = 1;
				LastSwiftUpdateCheck = 1320;
				LastUpgradeCheck = 1320;
				TargetAttributes = {
					52AF813828A5534900A47290 = {
						CreatedOnToolsVersion = 13.2.1;
					};
				};
			};
			buildConfigurationList = 52AF813428A5534900A47290 /* Build configuration list for PBXProject "MyTikTok" */;
			compatibilityVersion = "Xcode 13.0";
			developmentRegion = en;
			hasScannedForEncodings = 0;
			knownRegions = (
				en,
				Base,
			);
			mainGroup = 52AF813028A5534900A47290;
			productRefGroup = 52AF813A28A5534900A47290 /* Products */;
			projectDirPath = "";
			projectRoot = "";
			targets = (
				52AF813828A5534900A47290 /* MyTikTok */,
			);
		};
/* End PBXProject section */

/* Begin PBXResourcesBuildPhase section */
		52AF813728A5534900A47290 /* Resources */ = {
			isa = PBXResourcesBuildPhase;
			buildActionMask = 2147483647;
			files = (
				52AF814928A5534B00A47290 /* LaunchScreen.storyboard in Resources */,
				52AF814628A5534B00A47290 /* Assets.xcassets in Resources */,
				524430F028A6AD1F00ED1D5A /* GoogleService-Info.plist in Resources */,
			);
			runOnlyForDeploymentPostprocessing = 0;
		};
/* End PBXResourcesBuildPhase section */

/* Begin PBXShellScriptBuildPhase section */
		4B4C2356B14D39F095B9DDD8 /* [CP] Embed Pods Frameworks */ = {
			isa = PBXShellScriptBuildPhase;
			buildActionMask = 2147483647;
			files = (
			);
			inputFileListPaths = (
				"${PODS_ROOT}/Target Support Files/Pods-MyTikTok/Pods-MyTikTok-frameworks-${CONFIGURATION}-input-files.xcfilelist",
			);
			name = "[CP] Embed Pods Frameworks";
			outputFileListPaths = (
				"${PODS_ROOT}/Target Support Files/Pods-MyTikTok/Pods-MyTikTok-frameworks-${CONFIGURATION}-output-files.xcfilelist",
			);
			runOnlyForDeploymentPostprocessing = 0;
			shellPath = /bin/sh;
			shellScript = "\"${PODS_ROOT}/Target Support Files/Pods-MyTikTok/Pods-MyTikTok-frameworks.sh\"\n";
			showEnvVarsInLog = 0;
		};
		524430F428A6C8DB00ED1D5A /* ShellScript */ = {
			isa = PBXShellScriptBuildPhase;
			buildActionMask = 2147483647;
			files = (
			);
			inputFileListPaths = (
			);
			inputPaths = (
			);
			outputFileListPaths = (
			);
			outputPaths = (
			);
			runOnlyForDeploymentPostprocessing = 0;
			shellPath = /bin/sh;
			shellScript = "# Type a script or drag a script file from your workspace to insert its path.\n";
		};
		F6243E5DE6ED9CD1D3C84C2D /* [CP] Check Pods Manifest.lock */ = {
			isa = PBXShellScriptBuildPhase;
			buildActionMask = 2147483647;
			files = (
			);
			inputFileListPaths = (
			);
			inputPaths = (
				"${PODS_PODFILE_DIR_PATH}/Podfile.lock",
				"${PODS_ROOT}/Manifest.lock",
			);
			name = "[CP] Check Pods Manifest.lock";
			outputFileListPaths = (
			);
			outputPaths = (
				"$(DERIVED_FILE_DIR)/Pods-MyTikTok-checkManifestLockResult.txt",
			);
			runOnlyForDeploymentPostprocessing = 0;
			shellPath = /bin/sh;
			shellScript = "diff \"${PODS_PODFILE_DIR_PATH}/Podfile.lock\" \"${PODS_ROOT}/Manifest.lock\" > /dev/null\nif [ $? != 0 ] ; then\n    # print error to STDERR\n    echo \"error: The sandbox is not in sync with the Podfile.lock. Run 'pod install' or update your CocoaPods installation.\" >&2\n    exit 1\nfi\n# This output is used by Xcode 'outputs' to avoid re-running this script phase.\necho \"SUCCESS\" > \"${SCRIPT_OUTPUT_FILE_0}\"\n";
			showEnvVarsInLog = 0;
		};
/* End PBXShellScriptBuildPhase section */

/* Begin PBXSourcesBuildPhase section */
		52AF813528A5534900A47290 /* Sources */ = {
			isa = PBXSourcesBuildPhase;
			buildActionMask = 2147483647;
			files = (
				527839D628A56BDF00002C82 /* HapticsManager.swift in Sources */,
				52BE534328AA9D0000C85CDA /* Extensions.swift in Sources */,
				527839D228A56B3200002C82 /* DatabaseManager.swift in Sources */,
				527839B828A5688900002C82 /* ExploreViewController.swift in Sources */,
				527839C028A5692900002C82 /* UserListViewController.swift in Sources */,
				527839C628A5698A00002C82 /* SettingsViewController.swift in Sources */,
				527839CC28A56A7A00002C82 /* PostViewController.swift in Sources */,
				527839BA28A568AB00002C82 /* CameraViewController.swift in Sources */,
				527839C828A569C800002C82 /* TabBarViewController.swift in Sources */,
				52AF814128A5534900A47290 /* HomeViewController.swift in Sources */,
				527839C428A5696600002C82 /* SignUpViewController.swift in Sources */,
				527839D428A56B4C00002C82 /* AuthenticationManager.swift in Sources */,
				527839BC28A568DA00002C82 /* NotificationsViewController.swift in Sources */,
				527839C228A5694B00002C82 /* SignInViewController.swift in Sources */,
				5296253728B13566009DA46A /* PostModel.swift in Sources */,
				527839BE28A568FD00002C82 /* ProfileViewController.swift in Sources */,
				527839D028A56AD400002C82 /* StorageManager.swift in Sources */,
				52AF813D28A5534900A47290 /* AppDelegate.swift in Sources */,
				52AF813F28A5534900A47290 /* SceneDelegate.swift in Sources */,
			);
			runOnlyForDeploymentPostprocessing = 0;
		};
/* End PBXSourcesBuildPhase section */

/* Begin PBXVariantGroup section */
		52AF814728A5534B00A47290 /* LaunchScreen.storyboard */ = {
			isa = PBXVariantGroup;
			children = (
				52AF814828A5534B00A47290 /* Base */,
			);
			name = LaunchScreen.storyboard;
			sourceTree = "<group>";
		};
/* End PBXVariantGroup section */

/* Begin XCBuildConfiguration section */
		52AF814B28A5534B00A47290 /* Debug */ = {
			isa = XCBuildConfiguration;
			buildSettings = {
				ALWAYS_SEARCH_USER_PATHS = NO;
				CLANG_ANALYZER_NONNULL = YES;
				CLANG_ANALYZER_NUMBER_OBJECT_CONVERSION = YES_AGGRESSIVE;
				CLANG_CXX_LANGUAGE_STANDARD = "gnu++17";
				CLANG_CXX_LIBRARY = "libc++";
				CLANG_ENABLE_MODULES = YES;
				CLANG_ENABLE_OBJC_ARC = YES;
				CLANG_ENABLE_OBJC_WEAK = YES;
				CLANG_WARN_BLOCK_CAPTURE_AUTORELEASING = YES;
				CLANG_WARN_BOOL_CONVERSION = YES;
				CLANG_WARN_COMMA = YES;
				CLANG_WARN_CONSTANT_CONVERSION = YES;
				CLANG_WARN_DEPRECATED_OBJC_IMPLEMENTATIONS = YES;
				CLANG_WARN_DIRECT_OBJC_ISA_USAGE = YES_ERROR;
				CLANG_WARN_DOCUMENTATION_COMMENTS = YES;
				CLANG_WARN_EMPTY_BODY = YES;
				CLANG_WARN_ENUM_CONVERSION = YES;
				CLANG_WARN_INFINITE_RECURSION = YES;
				CLANG_WARN_INT_CONVERSION = YES;
				CLANG_WARN_NON_LITERAL_NULL_CONVERSION = YES;
				CLANG_WARN_OBJC_IMPLICIT_RETAIN_SELF = YES;
				CLANG_WARN_OBJC_LITERAL_CONVERSION = YES;
				CLANG_WARN_OBJC_ROOT_CLASS = YES_ERROR;
				CLANG_WARN_QUOTED_INCLUDE_IN_FRAMEWORK_HEADER = YES;
				CLANG_WARN_RANGE_LOOP_ANALYSIS = YES;
				CLANG_WARN_STRICT_PROTOTYPES = YES;
				CLANG_WARN_SUSPICIOUS_MOVE = YES;
				CLANG_WARN_UNGUARDED_AVAILABILITY = YES_AGGRESSIVE;
				CLANG_WARN_UNREACHABLE_CODE = YES;
				CLANG_WARN__DUPLICATE_METHOD_MATCH = YES;
				COPY_PHASE_STRIP = NO;
				DEBUG_INFORMATION_FORMAT = dwarf;
				ENABLE_STRICT_OBJC_MSGSEND = YES;
				ENABLE_TESTABILITY = YES;
				GCC_C_LANGUAGE_STANDARD = gnu11;
				GCC_DYNAMIC_NO_PIC = NO;
				GCC_NO_COMMON_BLOCKS = YES;
				GCC_OPTIMIZATION_LEVEL = 0;
				GCC_PREPROCESSOR_DEFINITIONS = (
					"DEBUG=1",
					"$(inherited)",
				);
				GCC_WARN_64_TO_32_BIT_CONVERSION = YES;
				GCC_WARN_ABOUT_RETURN_TYPE = YES_ERROR;
				GCC_WARN_UNDECLARED_SELECTOR = YES;
				GCC_WARN_UNINITIALIZED_AUTOS = YES_AGGRESSIVE;
				GCC_WARN_UNUSED_FUNCTION = YES;
				GCC_WARN_UNUSED_VARIABLE = YES;
				IPHONEOS_DEPLOYMENT_TARGET = 15.2;
				MTL_ENABLE_DEBUG_INFO = INCLUDE_SOURCE;
				MTL_FAST_MATH = YES;
				ONLY_ACTIVE_ARCH = YES;
				SDKROOT = iphoneos;
				SWIFT_ACTIVE_COMPILATION_CONDITIONS = DEBUG;
				SWIFT_OPTIMIZATION_LEVEL = "-Onone";
			};
			name = Debug;
		};
		52AF814C28A5534B00A47290 /* Release */ = {
			isa = XCBuildConfiguration;
			buildSettings = {
				ALWAYS_SEARCH_USER_PATHS = NO;
				CLANG_ANALYZER_NONNULL = YES;
				CLANG_ANALYZER_NUMBER_OBJECT_CONVERSION = YES_AGGRESSIVE;
				CLANG_CXX_LANGUAGE_STANDARD = "gnu++17";
				CLANG_CXX_LIBRARY = "libc++";
				CLANG_ENABLE_MODULES = YES;
				CLANG_ENABLE_OBJC_ARC = YES;
				CLANG_ENABLE_OBJC_WEAK = YES;
				CLANG_WARN_BLOCK_CAPTURE_AUTORELEASING = YES;
				CLANG_WARN_BOOL_CONVERSION = YES;
				CLANG_WARN_COMMA = YES;
				CLANG_WARN_CONSTANT_CONVERSION = YES;
				CLANG_WARN_DEPRECATED_OBJC_IMPLEMENTATIONS = YES;
				CLANG_WARN_DIRECT_OBJC_ISA_USAGE = YES_ERROR;
				CLANG_WARN_DOCUMENTATION_COMMENTS = YES;
				CLANG_WARN_EMPTY_BODY = YES;
				CLANG_WARN_ENUM_CONVERSION = YES;
				CLANG_WARN_INFINITE_RECURSION = YES;
				CLANG_WARN_INT_CONVERSION = YES;
				CLANG_WARN_NON_LITERAL_NULL_CONVERSION = YES;
				CLANG_WARN_OBJC_IMPLICIT_RETAIN_SELF = YES;
				CLANG_WARN_OBJC_LITERAL_CONVERSION = YES;
				CLANG_WARN_OBJC_ROOT_CLASS = YES_ERROR;
				CLANG_WARN_QUOTED_INCLUDE_IN_FRAMEWORK_HEADER = YES;
				CLANG_WARN_RANGE_LOOP_ANALYSIS = YES;
				CLANG_WARN_STRICT_PROTOTYPES = YES;
				CLANG_WARN_SUSPICIOUS_MOVE = YES;
				CLANG_WARN_UNGUARDED_AVAILABILITY = YES_AGGRESSIVE;
				CLANG_WARN_UNREACHABLE_CODE = YES;
				CLANG_WARN__DUPLICATE_METHOD_MATCH = YES;
				COPY_PHASE_STRIP = NO;
				DEBUG_INFORMATION_FORMAT = "dwarf-with-dsym";
				ENABLE_NS_ASSERTIONS = NO;
				ENABLE_STRICT_OBJC_MSGSEND = YES;
				GCC_C_LANGUAGE_STANDARD = gnu11;
				GCC_NO_COMMON_BLOCKS = YES;
				GCC_WARN_64_TO_32_BIT_CONVERSION = YES;
				GCC_WARN_ABOUT_RETURN_TYPE = YES_ERROR;
				GCC_WARN_UNDECLARED_SELECTOR = YES;
				GCC_WARN_UNINITIALIZED_AUTOS = YES_AGGRESSIVE;
				GCC_WARN_UNUSED_FUNCTION = YES;
				GCC_WARN_UNUSED_VARIABLE = YES;
				IPHONEOS_DEPLOYMENT_TARGET = 15.2;
				MTL_ENABLE_DEBUG_INFO = NO;
				MTL_FAST_MATH = YES;
				SDKROOT = iphoneos;
				SWIFT_COMPILATION_MODE = wholemodule;
				SWIFT_OPTIMIZATION_LEVEL = "-O";
				VALIDATE_PRODUCT = YES;
			};
			name = Release;
		};
		52AF814E28A5534B00A47290 /* Debug */ = {
			isa = XCBuildConfiguration;
			baseConfigurationReference = CC3052DB4026AB0C49194DC0 /* Pods-MyTikTok.debug.xcconfig */;
			buildSettings = {
				ASSETCATALOG_COMPILER_APPICON_NAME = AppIcon;
				ASSETCATALOG_COMPILER_GLOBAL_ACCENT_COLOR_NAME = AccentColor;
				CODE_SIGN_STYLE = Automatic;
				CURRENT_PROJECT_VERSION = 1;
				DEVELOPMENT_TEAM = 972D9Z4QKX;
				GENERATE_INFOPLIST_FILE = YES;
				INFOPLIST_FILE = MyTikTok/Info.plist;
				INFOPLIST_KEY_UIApplicationSupportsIndirectInputEvents = YES;
				INFOPLIST_KEY_UILaunchStoryboardName = LaunchScreen;
				INFOPLIST_KEY_UISupportedInterfaceOrientations_iPad = "UIInterfaceOrientationPortrait UIInterfaceOrientationPortraitUpsideDown";
				INFOPLIST_KEY_UISupportedInterfaceOrientations_iPhone = "UIInterfaceOrientationPortrait UIInterfaceOrientationLandscapeLeft UIInterfaceOrientationLandscapeRight";
				IPHONEOS_DEPLOYMENT_TARGET = 15.2;
				LD_RUNPATH_SEARCH_PATHS = (
					"$(inherited)",
					"@executable_path/Frameworks",
				);
				MARKETING_VERSION = 1.0;
				PRODUCT_BUNDLE_IDENTIFIER = com.ericgrant.MyTikTok;
				PRODUCT_NAME = "$(TARGET_NAME)";
				SWIFT_EMIT_LOC_STRINGS = YES;
				SWIFT_VERSION = 5.0;
				TARGETED_DEVICE_FAMILY = 1;
			};
			name = Debug;
		};
		52AF814F28A5534B00A47290 /* Release */ = {
			isa = XCBuildConfiguration;
			baseConfigurationReference = FF8F16D3932885207C5F5CB2 /* Pods-MyTikTok.release.xcconfig */;
			buildSettings = {
				ASSETCATALOG_COMPILER_APPICON_NAME = AppIcon;
				ASSETCATALOG_COMPILER_GLOBAL_ACCENT_COLOR_NAME = AccentColor;
				CODE_SIGN_STYLE = Automatic;
				CURRENT_PROJECT_VERSION = 1;
				DEVELOPMENT_TEAM = 972D9Z4QKX;
				GENERATE_INFOPLIST_FILE = YES;
				INFOPLIST_FILE = MyTikTok/Info.plist;
				INFOPLIST_KEY_UIApplicationSupportsIndirectInputEvents = YES;
				INFOPLIST_KEY_UILaunchStoryboardName = LaunchScreen;
				INFOPLIST_KEY_UISupportedInterfaceOrientations_iPad = "UIInterfaceOrientationPortrait UIInterfaceOrientationPortraitUpsideDown";
				INFOPLIST_KEY_UISupportedInterfaceOrientations_iPhone = "UIInterfaceOrientationPortrait UIInterfaceOrientationLandscapeLeft UIInterfaceOrientationLandscapeRight";
				IPHONEOS_DEPLOYMENT_TARGET = 15.2;
				LD_RUNPATH_SEARCH_PATHS = (
					"$(inherited)",
					"@executable_path/Frameworks",
				);
				MARKETING_VERSION = 1.0;
				PRODUCT_BUNDLE_IDENTIFIER = com.ericgrant.MyTikTok;
				PRODUCT_NAME = "$(TARGET_NAME)";
				SWIFT_EMIT_LOC_STRINGS = YES;
				SWIFT_VERSION = 5.0;
				TARGETED_DEVICE_FAMILY = 1;
			};
			name = Release;
		};
/* End XCBuildConfiguration section */

/* Begin XCConfigurationList section */
		52AF813428A5534900A47290 /* Build configuration list for PBXProject "MyTikTok" */ = {
			isa = XCConfigurationList;
			buildConfigurations = (
				52AF814B28A5534B00A47290 /* Debug */,
				52AF814C28A5534B00A47290 /* Release */,
			);
			defaultConfigurationIsVisible = 0;
			defaultConfigurationName = Release;
		};
		52AF814D28A5534B00A47290 /* Build configuration list for PBXNativeTarget "MyTikTok" */ = {
			isa = XCConfigurationList;
			buildConfigurations = (
				52AF814E28A5534B00A47290 /* Debug */,
				52AF814F28A5534B00A47290 /* Release */,
			);
			defaultConfigurationIsVisible = 0;
			defaultConfigurationName = Release;
		};
/* End XCConfigurationList section */
	};
	rootObject = 52AF813128A5534900A47290 /* Project object */;
}
